
Microsoft Visual Studio Solution File, Format Version 12.00
# Visual Studio Version 17
VisualStudioVersion = 17.13.35828.75
MinimumVisualStudioVersion = 10.0.40219.1
Project("{54A90642-561A-4BB1-A94E-469ADEE60C69}") = "MiniUrl.Client", "miniurl.client\MiniUrl.Client.esproj", "{D723E3A8-417D-B4E3-FA3F-EE1EF8DC3A19}"
EndProject
Project("{FAE04EC0-301F-11D3-BF4B-00C04F79EFBC}") = "MiniUrl.Server", "MiniUrl.Server\MiniUrl.Server.csproj", "{C09E2CC8-9C8A-4536-8722-4DD9C726C640}"
EndProject
Project("{FAE04EC0-301F-11D3-BF4B-00C04F79EFBC}") = "MiniUrl.Lib", "MiniUrl.Lib\MiniUrl.Lib.csproj", "{BE87BDD4-3F48-4949-B76E-02C14F298FCA}"
EndProject
Project("{FAE04EC0-301F-11D3-BF4B-00C04F79EFBC}") = "MiniUrl.Dal", "MiniUrl.Dal\MiniUrl.Dal.csproj", "{426428D8-4BA5-4BCE-AD00-EF1E56B30A9C}"
EndProject
Global
	GlobalSection(SolutionConfigurationPlatforms) = preSolution
		Debug|Any CPU = Debug|Any CPU
		Release|Any CPU = Release|Any CPU
	EndGlobalSection
	GlobalSection(ProjectConfigurationPlatforms) = postSolution
		{D723E3A8-417D-B4E3-FA3F-EE1EF8DC3A19}.Debug|Any CPU.ActiveCfg = Debug|Any CPU
		{D723E3A8-417D-B4E3-FA3F-EE1EF8DC3A19}.Debug|Any CPU.Build.0 = Debug|Any CPU
		{D723E3A8-417D-B4E3-FA3F-EE1EF8DC3A19}.Debug|Any CPU.Deploy.0 = Debug|Any CPU
		{D723E3A8-417D-B4E3-FA3F-EE1EF8DC3A19}.Release|Any CPU.ActiveCfg = Release|Any CPU
		{D723E3A8-417D-B4E3-FA3F-EE1EF8DC3A19}.Release|Any CPU.Build.0 = Release|Any CPU
		{D723E3A8-417D-B4E3-FA3F-EE1EF8DC3A19}.Release|Any CPU.Deploy.0 = Release|Any CPU
		{C09E2CC8-9C8A-4536-8722-4DD9C726C640}.Debug|Any CPU.ActiveCfg = Debug|Any CPU
		{C09E2CC8-9C8A-4536-8722-4DD9C726C640}.Debug|Any CPU.Build.0 = Debug|Any CPU
		{C09E2CC8-9C8A-4536-8722-4DD9C726C640}.Release|Any CPU.ActiveCfg = Release|Any CPU
		{C09E2CC8-9C8A-4536-8722-4DD9C726C640}.Release|Any CPU.Build.0 = Release|Any CPU
		{BE87BDD4-3F48-4949-B76E-02C14F298FCA}.Debug|Any CPU.ActiveCfg = Debug|Any CPU
		{BE87BDD4-3F48-4949-B76E-02C14F298FCA}.Debug|Any CPU.Build.0 = Debug|Any CPU
		{BE87BDD4-3F48-4949-B76E-02C14F298FCA}.Release|Any CPU.ActiveCfg = Release|Any CPU
		{BE87BDD4-3F48-4949-B76E-02C14F298FCA}.Release|Any CPU.Build.0 = Release|Any CPU
		{426428D8-4BA5-4BCE-AD00-EF1E56B30A9C}.Debug|Any CPU.ActiveCfg = Debug|Any CPU
		{426428D8-4BA5-4BCE-AD00-EF1E56B30A9C}.Debug|Any CPU.Build.0 = Debug|Any CPU
		{426428D8-4BA5-4BCE-AD00-EF1E56B30A9C}.Release|Any CPU.ActiveCfg = Release|Any CPU
		{426428D8-4BA5-4BCE-AD00-EF1E56B30A9C}.Release|Any CPU.Build.0 = Release|Any CPU
	EndGlobalSection
	GlobalSection(SolutionProperties) = preSolution
		HideSolutionNode = FALSE
	EndGlobalSection
	GlobalSection(ExtensibilityGlobals) = postSolution
		SolutionGuid = {5A7BF1C6-2EAB-411C-940F-2BB755377B92}
	EndGlobalSection
EndGlobal
